
Microsoft Visual Studio Solution File, Format Version 12.00
# Visual Studio 14
VisualStudioVersion = 14.0.24720.0
MinimumVisualStudioVersion = 10.0.40219.1
Project("{8BB2217D-0F2D-49D1-97BC-3654ED321F3B}") = "GripDev.OneNoteShare", "GripDev.OneNoteShare\GripDev.OneNoteShare.xproj", "{1FD92FC1-EF1C-42A0-8644-C97B603C2D00}"
EndProject
Project("{2150E333-8FDC-42A3-9474-1A3956D46DE8}") = "OfficeAddin", "OfficeAddin", "{666CBEEE-4A5A-4EDD-9AA3-B46B39081661}"
	ProjectSection(SolutionItems) = preProject
		LICENSE.md = LICENSE.md
		OneNoteShare.xml = OneNoteShare.xml
		README.md = README.md
	EndProjectSection
EndProject
Global
	GlobalSection(SolutionConfigurationPlatforms) = preSolution
		Debug|Any CPU = Debug|Any CPU
		Release|Any CPU = Release|Any CPU
	EndGlobalSection
	GlobalSection(ProjectConfigurationPlatforms) = postSolution
		{1FD92FC1-EF1C-42A0-8644-C97B603C2D00}.Debug|Any CPU.ActiveCfg = Debug|Any CPU
		{1FD92FC1-EF1C-42A0-8644-C97B603C2D00}.Debug|Any CPU.Build.0 = Debug|Any CPU
		{1FD92FC1-EF1C-42A0-8644-C97B603C2D00}.Release|Any CPU.ActiveCfg = Release|Any CPU
		{1FD92FC1-EF1C-42A0-8644-C97B603C2D00}.Release|Any CPU.Build.0 = Release|Any CPU
	EndGlobalSection
	GlobalSection(SolutionProperties) = preSolution
		HideSolutionNode = FALSE
	EndGlobalSection
EndGlobal
